
Microsoft Visual Studio Solution File, Format Version 12.00
# Visual Studio Version 16
VisualStudioVersion = 16.0.29418.71
MinimumVisualStudioVersion = 10.0.40219.1
Project("{9A19103F-16F7-4668-BE54-9A1E7A4F7556}") = "iftaskdowhilefor 4.1", "iftaskdowhilefor 4.1\iftaskdowhilefor 4.1.csproj", "{679D41EB-2199-4B2D-8A3A-36727B0CBD96}"
EndProject
Project("{9A19103F-16F7-4668-BE54-9A1E7A4F7556}") = "iftaksdowhilefor 4.2", "iftaksdowhilefor 4.2\iftaksdowhilefor 4.2.csproj", "{C1D2CA49-121F-426D-AB67-F7BF589D6F37}"
EndProject
Project("{FAE04EC0-301F-11D3-BF4B-00C04F79EFBC}") = "iftaskdowhilefor 4.3", "iftaskdowhilefor 4.3\iftaskdowhilefor 4.3.csproj", "{FADE3065-4929-441D-B5C9-6F79F7A44040}"
EndProject
Global
	GlobalSection(SolutionConfigurationPlatforms) = preSolution
		Debug|Any CPU = Debug|Any CPU
		Release|Any CPU = Release|Any CPU
	EndGlobalSection
	GlobalSection(ProjectConfigurationPlatforms) = postSolution
		{679D41EB-2199-4B2D-8A3A-36727B0CBD96}.Debug|Any CPU.ActiveCfg = Debug|Any CPU
		{679D41EB-2199-4B2D-8A3A-36727B0CBD96}.Debug|Any CPU.Build.0 = Debug|Any CPU
		{679D41EB-2199-4B2D-8A3A-36727B0CBD96}.Release|Any CPU.ActiveCfg = Release|Any CPU
		{679D41EB-2199-4B2D-8A3A-36727B0CBD96}.Release|Any CPU.Build.0 = Release|Any CPU
		{C1D2CA49-121F-426D-AB67-F7BF589D6F37}.Debug|Any CPU.ActiveCfg = Debug|Any CPU
		{C1D2CA49-121F-426D-AB67-F7BF589D6F37}.Debug|Any CPU.Build.0 = Debug|Any CPU
		{C1D2CA49-121F-426D-AB67-F7BF589D6F37}.Release|Any CPU.ActiveCfg = Release|Any CPU
		{C1D2CA49-121F-426D-AB67-F7BF589D6F37}.Release|Any CPU.Build.0 = Release|Any CPU
		{FADE3065-4929-441D-B5C9-6F79F7A44040}.Debug|Any CPU.ActiveCfg = Debug|Any CPU
		{FADE3065-4929-441D-B5C9-6F79F7A44040}.Debug|Any CPU.Build.0 = Debug|Any CPU
		{FADE3065-4929-441D-B5C9-6F79F7A44040}.Release|Any CPU.ActiveCfg = Release|Any CPU
		{FADE3065-4929-441D-B5C9-6F79F7A44040}.Release|Any CPU.Build.0 = Release|Any CPU
	EndGlobalSection
	GlobalSection(SolutionProperties) = preSolution
		HideSolutionNode = FALSE
	EndGlobalSection
	GlobalSection(ExtensibilityGlobals) = postSolution
		SolutionGuid = {8BBFC3D2-52AC-4EFD-9EAD-48A50FC9B2C5}
	EndGlobalSection
EndGlobal
