
Microsoft Visual Studio Solution File, Format Version 12.00
# Visual Studio Version 16
VisualStudioVersion = 16.0.29418.71
MinimumVisualStudioVersion = 10.0.40219.1
Project("{FAE04EC0-301F-11D3-BF4B-00C04F79EFBC}") = "Itsearvionti  1", "Itsearvionti tehtävät 1-4\Itsearvionti  1.csproj", "{D95D0B3A-D422-4459-B4EA-336F64B5CFF4}"
EndProject
Project("{FAE04EC0-301F-11D3-BF4B-00C04F79EFBC}") = "itsearviointi  2", "itsearviointi tehtävä 2\itsearviointi  2.csproj", "{427C104B-6ECC-46A8-AA0E-1DE8360D6B18}"
EndProject
Global
	GlobalSection(SolutionConfigurationPlatforms) = preSolution
		Debug|Any CPU = Debug|Any CPU
		Release|Any CPU = Release|Any CPU
	EndGlobalSection
	GlobalSection(ProjectConfigurationPlatforms) = postSolution
		{D95D0B3A-D422-4459-B4EA-336F64B5CFF4}.Debug|Any CPU.ActiveCfg = Debug|Any CPU
		{D95D0B3A-D422-4459-B4EA-336F64B5CFF4}.Debug|Any CPU.Build.0 = Debug|Any CPU
		{D95D0B3A-D422-4459-B4EA-336F64B5CFF4}.Release|Any CPU.ActiveCfg = Release|Any CPU
		{D95D0B3A-D422-4459-B4EA-336F64B5CFF4}.Release|Any CPU.Build.0 = Release|Any CPU
		{427C104B-6ECC-46A8-AA0E-1DE8360D6B18}.Debug|Any CPU.ActiveCfg = Debug|Any CPU
		{427C104B-6ECC-46A8-AA0E-1DE8360D6B18}.Debug|Any CPU.Build.0 = Debug|Any CPU
		{427C104B-6ECC-46A8-AA0E-1DE8360D6B18}.Release|Any CPU.ActiveCfg = Release|Any CPU
		{427C104B-6ECC-46A8-AA0E-1DE8360D6B18}.Release|Any CPU.Build.0 = Release|Any CPU
	EndGlobalSection
	GlobalSection(SolutionProperties) = preSolution
		HideSolutionNode = FALSE
	EndGlobalSection
	GlobalSection(ExtensibilityGlobals) = postSolution
		SolutionGuid = {0C59F695-360D-43AF-AF64-67D1B47E00EE}
	EndGlobalSection
EndGlobal
